
Microsoft Visual Studio Solution File, Format Version 12.00
Project("{FAE04EC0-301F-11D3-BF4B-00C04F79EFBC}") = "BaseballCardGrader-Console", "BaseballCardGrader-Console.csproj", "{AEE1A039-BAC9-4892-91B5-B43CE8A54877}"
EndProject
Global
	GlobalSection(SolutionConfigurationPlatforms) = preSolution
		Debug|Any CPU = Debug|Any CPU
		Release|Any CPU = Release|Any CPU
	EndGlobalSection
	GlobalSection(ProjectConfigurationPlatforms) = postSolution
		{AEE1A039-BAC9-4892-91B5-B43CE8A54877}.Debug|Any CPU.ActiveCfg = Debug|Any CPU
		{AEE1A039-BAC9-4892-91B5-B43CE8A54877}.Debug|Any CPU.Build.0 = Debug|Any CPU
		{AEE1A039-BAC9-4892-91B5-B43CE8A54877}.Release|Any CPU.ActiveCfg = Release|Any CPU
		{AEE1A039-BAC9-4892-91B5-B43CE8A54877}.Release|Any CPU.Build.0 = Release|Any CPU
	EndGlobalSection
EndGlobal
