Microsoft Visual Studio Solution File, Format Version 12.00
# Visual Studio Version 17
VisualStudioVersion = 17.5.2.0
MinimumVisualStudioVersion = 10.0.40219.1
Project("{FAE04EC0-301F-11D3-BF4B-00C04F79EFBC}") = "CardGraderMAUI", "CardGraderMAUI.csproj", "{9131E0FA-82FB-BC7F-05CD-93D3466B9609}"
EndProject
Global
	GlobalSection(SolutionConfigurationPlatforms) = preSolution
		Debug|Any CPU = Debug|Any CPU
		Release|Any CPU = Release|Any CPU
	EndGlobalSection
	GlobalSection(ProjectConfigurationPlatforms) = postSolution
		{9131E0FA-82FB-BC7F-05CD-93D3466B9609}.Debug|Any CPU.ActiveCfg = Debug|Any CPU
		{9131E0FA-82FB-BC7F-05CD-93D3466B9609}.Debug|Any CPU.Build.0 = Debug|Any CPU
		{9131E0FA-82FB-BC7F-05CD-93D3466B9609}.Release|Any CPU.ActiveCfg = Release|Any CPU
		{9131E0FA-82FB-BC7F-05CD-93D3466B9609}.Release|Any CPU.Build.0 = Release|Any CPU
	EndGlobalSection
	GlobalSection(SolutionProperties) = preSolution
		HideSolutionNode = FALSE
	EndGlobalSection
	GlobalSection(ExtensibilityGlobals) = postSolution
		SolutionGuid = {C5A7B111-633B-4EE7-8FEC-B8EEF5665A76}
	EndGlobalSection
EndGlobal
