
Microsoft Visual Studio Solution File, Format Version 12.00
# Visual Studio Version 17
VisualStudioVersion = 17.14.36310.24 d17.14
MinimumVisualStudioVersion = 10.0.40219.1
Project("{FAE04EC0-301F-11D3-BF4B-00C04F79EFBC}") = "BaseballCardGrader.Console", "BaseballCardGrader.Console\BaseballCardGrader.Console.csproj", "{A2E7D1BB-04E0-4EDB-B518-4560CBE134CF}"
EndProject
Project("{FAE04EC0-301F-11D3-BF4B-00C04F79EFBC}") = "BaseballCardGrader.Maui", "BaseballCardGrader.Maui\BaseballCardGrader.Maui.csproj", "{9C110D37-73E9-43F7-A74E-BA01A9380686}"
EndProject
Project("{FAE04EC0-301F-11D3-BF4B-00C04F79EFBC}") = "ImageProcessor", "ImageProcessor\ImageProcessor.csproj", "{794F2669-FA69-4C55-888C-A0271C4C2F5A}"
EndProject
Project("{FAE04EC0-301F-11D3-BF4B-00C04F79EFBC}") = "Mediator", "Mediator\Mediator.csproj", "{A0EEE565-F0B2-4269-899F-ADB97DA0205A}"
EndProject
Global
	GlobalSection(SolutionConfigurationPlatforms) = preSolution
		Debug|Any CPU = Debug|Any CPU
		Release|Any CPU = Release|Any CPU
	EndGlobalSection
	GlobalSection(ProjectConfigurationPlatforms) = postSolution
		{A2E7D1BB-04E0-4EDB-B518-4560CBE134CF}.Debug|Any CPU.ActiveCfg = Debug|Any CPU
		{A2E7D1BB-04E0-4EDB-B518-4560CBE134CF}.Debug|Any CPU.Build.0 = Debug|Any CPU
		{A2E7D1BB-04E0-4EDB-B518-4560CBE134CF}.Release|Any CPU.ActiveCfg = Release|Any CPU
		{A2E7D1BB-04E0-4EDB-B518-4560CBE134CF}.Release|Any CPU.Build.0 = Release|Any CPU
		{9C110D37-73E9-43F7-A74E-BA01A9380686}.Debug|Any CPU.ActiveCfg = Debug|Any CPU
		{9C110D37-73E9-43F7-A74E-BA01A9380686}.Debug|Any CPU.Build.0 = Debug|Any CPU
		{9C110D37-73E9-43F7-A74E-BA01A9380686}.Debug|Any CPU.Deploy.0 = Debug|Any CPU
		{9C110D37-73E9-43F7-A74E-BA01A9380686}.Release|Any CPU.ActiveCfg = Release|Any CPU
		{9C110D37-73E9-43F7-A74E-BA01A9380686}.Release|Any CPU.Build.0 = Release|Any CPU
		{794F2669-FA69-4C55-888C-A0271C4C2F5A}.Debug|Any CPU.ActiveCfg = Debug|Any CPU
		{794F2669-FA69-4C55-888C-A0271C4C2F5A}.Debug|Any CPU.Build.0 = Debug|Any CPU
		{794F2669-FA69-4C55-888C-A0271C4C2F5A}.Release|Any CPU.ActiveCfg = Release|Any CPU
		{794F2669-FA69-4C55-888C-A0271C4C2F5A}.Release|Any CPU.Build.0 = Release|Any CPU
		{A0EEE565-F0B2-4269-899F-ADB97DA0205A}.Debug|Any CPU.ActiveCfg = Debug|Any CPU
		{A0EEE565-F0B2-4269-899F-ADB97DA0205A}.Debug|Any CPU.Build.0 = Debug|Any CPU
		{A0EEE565-F0B2-4269-899F-ADB97DA0205A}.Release|Any CPU.ActiveCfg = Release|Any CPU
		{A0EEE565-F0B2-4269-899F-ADB97DA0205A}.Release|Any CPU.Build.0 = Release|Any CPU
	EndGlobalSection
	GlobalSection(SolutionProperties) = preSolution
		HideSolutionNode = FALSE
	EndGlobalSection
EndGlobal
